// !$*UTF8*$!
{
	archiveVersion = 1;
	classes = {
	};
	objectVersion = 50;
	objects = {

/* Begin PBXBuildFile section */
		89D470A426D0B7E30007034B /* PhysicsContactDelegate.swift in Sources */ = {isa = PBXBuildFile; fileRef = 89D470A326D0B7E30007034B /* PhysicsContactDelegate.swift */; };
		F2099232266332F500DD3B1E /* QualiApp.swift in Sources */ = {isa = PBXBuildFile; fileRef = F2099231266332F500DD3B1E /* QualiApp.swift */; };
		F2099234266332F500DD3B1E /* MainMenuView.swift in Sources */ = {isa = PBXBuildFile; fileRef = F2099233266332F500DD3B1E /* MainMenuView.swift */; };
		F2099236266332F900DD3B1E /* Assets.xcassets in Resources */ = {isa = PBXBuildFile; fileRef = F2099235266332F900DD3B1E /* Assets.xcassets */; };
		F2099239266332F900DD3B1E /* Preview Assets.xcassets in Resources */ = {isa = PBXBuildFile; fileRef = F2099238266332F900DD3B1E /* Preview Assets.xcassets */; };
		F20992602663341E00DD3B1E /* GameSceneView.swift in Sources */ = {isa = PBXBuildFile; fileRef = F209925F2663341E00DD3B1E /* GameSceneView.swift */; };
		F20992652663399B00DD3B1E /* GameScene.swift in Sources */ = {isa = PBXBuildFile; fileRef = F20992642663399B00DD3B1E /* GameScene.swift */; };
		F209926F2664899E00DD3B1E /* MainMenuCoordinator.swift in Sources */ = {isa = PBXBuildFile; fileRef = F209926E2664899E00DD3B1E /* MainMenuCoordinator.swift */; };
		F20992772665648500DD3B1E /* GameViewCoordinator.swift in Sources */ = {isa = PBXBuildFile; fileRef = F20992762665648500DD3B1E /* GameViewCoordinator.swift */; };
		F220F62526C61A880040D1C0 /* ZPosition.swift in Sources */ = {isa = PBXBuildFile; fileRef = F220F62426C61A880040D1C0 /* ZPosition.swift */; };
		F244943A266890670018391A /* GameOverView.swift in Sources */ = {isa = PBXBuildFile; fileRef = F2449439266890670018391A /* GameOverView.swift */; };
		F24C735B26C4C5BD0047773A /* StartFinishLineNode.swift in Sources */ = {isa = PBXBuildFile; fileRef = F24C735A26C4C5BD0047773A /* StartFinishLineNode.swift */; };
		F29374E726C9D06E007D21C8 /* Bristol.sks in Resources */ = {isa = PBXBuildFile; fileRef = F29374E626C9D06E007D21C8 /* Bristol.sks */; };
		F29374E926CB5DA9007D21C8 /* GameSceneTests.swift in Sources */ = {isa = PBXBuildFile; fileRef = F29374E826CB5DA8007D21C8 /* GameSceneTests.swift */; };
		F29374EE26CCAAFF007D21C8 /* CarNodeTests.swift in Sources */ = {isa = PBXBuildFile; fileRef = F29374ED26CCAAFF007D21C8 /* CarNodeTests.swift */; };
		F29374F026CCB028007D21C8 /* StartFinishLineNodeTests.swift in Sources */ = {isa = PBXBuildFile; fileRef = F29374EF26CCB028007D21C8 /* StartFinishLineNodeTests.swift */; };
		F29374F226CCB746007D21C8 /* TrackNode.swift in Sources */ = {isa = PBXBuildFile; fileRef = F29374F126CCB746007D21C8 /* TrackNode.swift */; };
		F293816F26BCE9E900BD4C89 /* CarNode.swift in Sources */ = {isa = PBXBuildFile; fileRef = F293816E26BCE9E900BD4C89 /* CarNode.swift */; };
		F293818226BF22FB00BD4C89 /* SKColor+Extensions.swift in Sources */ = {isa = PBXBuildFile; fileRef = F293817626BF22FB00BD4C89 /* SKColor+Extensions.swift */; };
		F293818326BF22FB00BD4C89 /* CGVector+Extensions.swift in Sources */ = {isa = PBXBuildFile; fileRef = F293817726BF22FB00BD4C89 /* CGVector+Extensions.swift */; };
		F293818426BF22FB00BD4C89 /* Int+Extensions.swift in Sources */ = {isa = PBXBuildFile; fileRef = F293817826BF22FB00BD4C89 /* Int+Extensions.swift */; };
		F293818526BF22FB00BD4C89 /* SKTTimingFunctions.swift in Sources */ = {isa = PBXBuildFile; fileRef = F293817926BF22FB00BD4C89 /* SKTTimingFunctions.swift */; };
		F293818626BF22FB00BD4C89 /* SKAction+Extensions.swift in Sources */ = {isa = PBXBuildFile; fileRef = F293817A26BF22FB00BD4C89 /* SKAction+Extensions.swift */; };
		F293818726BF22FB00BD4C89 /* SKAction+SpecialEffects.swift in Sources */ = {isa = PBXBuildFile; fileRef = F293817B26BF22FB00BD4C89 /* SKAction+SpecialEffects.swift */; };
		F293818826BF22FB00BD4C89 /* SKNode+Extensions.swift in Sources */ = {isa = PBXBuildFile; fileRef = F293817C26BF22FB00BD4C89 /* SKNode+Extensions.swift */; };
		F293818926BF22FB00BD4C89 /* CGPoint+Extensions.swift in Sources */ = {isa = PBXBuildFile; fileRef = F293817D26BF22FB00BD4C89 /* CGPoint+Extensions.swift */; };
		F293818A26BF22FB00BD4C89 /* SKTEffects.swift in Sources */ = {isa = PBXBuildFile; fileRef = F293817E26BF22FB00BD4C89 /* SKTEffects.swift */; };
		F293818B26BF22FB00BD4C89 /* SKTAudio.swift in Sources */ = {isa = PBXBuildFile; fileRef = F293817F26BF22FB00BD4C89 /* SKTAudio.swift */; };
		F293818C26BF22FB00BD4C89 /* Vector3.swift in Sources */ = {isa = PBXBuildFile; fileRef = F293818026BF22FB00BD4C89 /* Vector3.swift */; };
		F293818D26BF22FB00BD4C89 /* CGFloat+Extensions.swift in Sources */ = {isa = PBXBuildFile; fileRef = F293818126BF22FB00BD4C89 /* CGFloat+Extensions.swift */; };
		F298FEC326C4C34C0003A4AF /* PhysicsCategory.swift in Sources */ = {isa = PBXBuildFile; fileRef = F298FEC226C4C34C0003A4AF /* PhysicsCategory.swift */; };
		F2A57F3C26B39990002080A7 /* MainMenuViewUITests.swift in Sources */ = {isa = PBXBuildFile; fileRef = F2A57F3B26B39990002080A7 /* MainMenuViewUITests.swift */; };
		F2C2636D26B8E8050041FE0D /* GameViewCoordinatorTests.swift in Sources */ = {isa = PBXBuildFile; fileRef = F2C2636C26B8E8050041FE0D /* GameViewCoordinatorTests.swift */; };
		F2EFF40026B72BE800ECF3FF /* GameSceneViewTests.swift in Sources */ = {isa = PBXBuildFile; fileRef = F2EFF3FF26B72BE800ECF3FF /* GameSceneViewTests.swift */; };
		F2EFF40226B72DB400ECF3FF /* AccId.swift in Sources */ = {isa = PBXBuildFile; fileRef = F2EFF40126B72DB400ECF3FF /* AccId.swift */; };
		F2EFF40426B73EDC00ECF3FF /* GameOverViewTests.swift in Sources */ = {isa = PBXBuildFile; fileRef = F2EFF40326B73EDC00ECF3FF /* GameOverViewTests.swift */; };
/* End PBXBuildFile section */

/* Begin PBXContainerItemProxy section */
		F2099240266332FA00DD3B1E /* PBXContainerItemProxy */ = {
			isa = PBXContainerItemProxy;
			containerPortal = F2099226266332F500DD3B1E /* Project object */;
			proxyType = 1;
			remoteGlobalIDString = F209922D266332F500DD3B1E;
			remoteInfo = Quali;
		};
		F209924B266332FA00DD3B1E /* PBXContainerItemProxy */ = {
			isa = PBXContainerItemProxy;
			containerPortal = F2099226266332F500DD3B1E /* Project object */;
			proxyType = 1;
			remoteGlobalIDString = F209922D266332F500DD3B1E;
			remoteInfo = Quali;
		};
/* End PBXContainerItemProxy section */

/* Begin PBXFileReference section */
		89D470A326D0B7E30007034B /* PhysicsContactDelegate.swift */ = {isa = PBXFileReference; lastKnownFileType = sourcecode.swift; path = PhysicsContactDelegate.swift; sourceTree = "<group>"; };
		F209922E266332F500DD3B1E /* Quali.app */ = {isa = PBXFileReference; explicitFileType = wrapper.application; includeInIndex = 0; path = Quali.app; sourceTree = BUILT_PRODUCTS_DIR; };
		F2099231266332F500DD3B1E /* QualiApp.swift */ = {isa = PBXFileReference; lastKnownFileType = sourcecode.swift; path = QualiApp.swift; sourceTree = "<group>"; };
		F2099233266332F500DD3B1E /* MainMenuView.swift */ = {isa = PBXFileReference; lastKnownFileType = sourcecode.swift; path = MainMenuView.swift; sourceTree = "<group>"; };
		F2099235266332F900DD3B1E /* Assets.xcassets */ = {isa = PBXFileReference; lastKnownFileType = folder.assetcatalog; path = Assets.xcassets; sourceTree = "<group>"; };
		F2099238266332F900DD3B1E /* Preview Assets.xcassets */ = {isa = PBXFileReference; lastKnownFileType = folder.assetcatalog; path = "Preview Assets.xcassets"; sourceTree = "<group>"; };
		F209923A266332F900DD3B1E /* Info.plist */ = {isa = PBXFileReference; lastKnownFileType = text.plist.xml; path = Info.plist; sourceTree = "<group>"; };
		F209923F266332FA00DD3B1E /* QualiTests.xctest */ = {isa = PBXFileReference; explicitFileType = wrapper.cfbundle; includeInIndex = 0; path = QualiTests.xctest; sourceTree = BUILT_PRODUCTS_DIR; };
		F2099245266332FA00DD3B1E /* Info.plist */ = {isa = PBXFileReference; lastKnownFileType = text.plist.xml; path = Info.plist; sourceTree = "<group>"; };
		F209924A266332FA00DD3B1E /* QualiUITests.xctest */ = {isa = PBXFileReference; explicitFileType = wrapper.cfbundle; includeInIndex = 0; path = QualiUITests.xctest; sourceTree = BUILT_PRODUCTS_DIR; };
		F2099250266332FA00DD3B1E /* Info.plist */ = {isa = PBXFileReference; lastKnownFileType = text.plist.xml; path = Info.plist; sourceTree = "<group>"; };
		F209925F2663341E00DD3B1E /* GameSceneView.swift */ = {isa = PBXFileReference; lastKnownFileType = sourcecode.swift; path = GameSceneView.swift; sourceTree = "<group>"; };
		F20992642663399B00DD3B1E /* GameScene.swift */ = {isa = PBXFileReference; lastKnownFileType = sourcecode.swift; path = GameScene.swift; sourceTree = "<group>"; };
		F209926E2664899E00DD3B1E /* MainMenuCoordinator.swift */ = {isa = PBXFileReference; lastKnownFileType = sourcecode.swift; path = MainMenuCoordinator.swift; sourceTree = "<group>"; };
		F20992762665648500DD3B1E /* GameViewCoordinator.swift */ = {isa = PBXFileReference; lastKnownFileType = sourcecode.swift; path = GameViewCoordinator.swift; sourceTree = "<group>"; };
		F220F62426C61A880040D1C0 /* ZPosition.swift */ = {isa = PBXFileReference; lastKnownFileType = sourcecode.swift; path = ZPosition.swift; sourceTree = "<group>"; };
		F2449439266890670018391A /* GameOverView.swift */ = {isa = PBXFileReference; lastKnownFileType = sourcecode.swift; path = GameOverView.swift; sourceTree = "<group>"; };
		F24C735A26C4C5BD0047773A /* StartFinishLineNode.swift */ = {isa = PBXFileReference; lastKnownFileType = sourcecode.swift; path = StartFinishLineNode.swift; sourceTree = "<group>"; };
		F29374E626C9D06E007D21C8 /* Bristol.sks */ = {isa = PBXFileReference; lastKnownFileType = file.sks; path = Bristol.sks; sourceTree = "<group>"; };
		F29374E826CB5DA8007D21C8 /* GameSceneTests.swift */ = {isa = PBXFileReference; lastKnownFileType = sourcecode.swift; path = GameSceneTests.swift; sourceTree = "<group>"; };
		F29374ED26CCAAFF007D21C8 /* CarNodeTests.swift */ = {isa = PBXFileReference; lastKnownFileType = sourcecode.swift; path = CarNodeTests.swift; sourceTree = "<group>"; };
		F29374EF26CCB028007D21C8 /* StartFinishLineNodeTests.swift */ = {isa = PBXFileReference; lastKnownFileType = sourcecode.swift; path = StartFinishLineNodeTests.swift; sourceTree = "<group>"; };
		F29374F126CCB746007D21C8 /* TrackNode.swift */ = {isa = PBXFileReference; lastKnownFileType = sourcecode.swift; path = TrackNode.swift; sourceTree = "<group>"; };
		F293816E26BCE9E900BD4C89 /* CarNode.swift */ = {isa = PBXFileReference; lastKnownFileType = sourcecode.swift; path = CarNode.swift; sourceTree = "<group>"; };
		F293817626BF22FB00BD4C89 /* SKColor+Extensions.swift */ = {isa = PBXFileReference; fileEncoding = 4; lastKnownFileType = sourcecode.swift; path = "SKColor+Extensions.swift"; sourceTree = "<group>"; };
		F293817726BF22FB00BD4C89 /* CGVector+Extensions.swift */ = {isa = PBXFileReference; fileEncoding = 4; lastKnownFileType = sourcecode.swift; path = "CGVector+Extensions.swift"; sourceTree = "<group>"; };
		F293817826BF22FB00BD4C89 /* Int+Extensions.swift */ = {isa = PBXFileReference; fileEncoding = 4; lastKnownFileType = sourcecode.swift; path = "Int+Extensions.swift"; sourceTree = "<group>"; };
		F293817926BF22FB00BD4C89 /* SKTTimingFunctions.swift */ = {isa = PBXFileReference; fileEncoding = 4; lastKnownFileType = sourcecode.swift; path = SKTTimingFunctions.swift; sourceTree = "<group>"; };
		F293817A26BF22FB00BD4C89 /* SKAction+Extensions.swift */ = {isa = PBXFileReference; fileEncoding = 4; lastKnownFileType = sourcecode.swift; path = "SKAction+Extensions.swift"; sourceTree = "<group>"; };
		F293817B26BF22FB00BD4C89 /* SKAction+SpecialEffects.swift */ = {isa = PBXFileReference; fileEncoding = 4; lastKnownFileType = sourcecode.swift; path = "SKAction+SpecialEffects.swift"; sourceTree = "<group>"; };
		F293817C26BF22FB00BD4C89 /* SKNode+Extensions.swift */ = {isa = PBXFileReference; fileEncoding = 4; lastKnownFileType = sourcecode.swift; path = "SKNode+Extensions.swift"; sourceTree = "<group>"; };
		F293817D26BF22FB00BD4C89 /* CGPoint+Extensions.swift */ = {isa = PBXFileReference; fileEncoding = 4; lastKnownFileType = sourcecode.swift; path = "CGPoint+Extensions.swift"; sourceTree = "<group>"; };
		F293817E26BF22FB00BD4C89 /* SKTEffects.swift */ = {isa = PBXFileReference; fileEncoding = 4; lastKnownFileType = sourcecode.swift; path = SKTEffects.swift; sourceTree = "<group>"; };
		F293817F26BF22FB00BD4C89 /* SKTAudio.swift */ = {isa = PBXFileReference; fileEncoding = 4; lastKnownFileType = sourcecode.swift; path = SKTAudio.swift; sourceTree = "<group>"; };
		F293818026BF22FB00BD4C89 /* Vector3.swift */ = {isa = PBXFileReference; fileEncoding = 4; lastKnownFileType = sourcecode.swift; path = Vector3.swift; sourceTree = "<group>"; };
		F293818126BF22FB00BD4C89 /* CGFloat+Extensions.swift */ = {isa = PBXFileReference; fileEncoding = 4; lastKnownFileType = sourcecode.swift; path = "CGFloat+Extensions.swift"; sourceTree = "<group>"; };
		F298FEC226C4C34C0003A4AF /* PhysicsCategory.swift */ = {isa = PBXFileReference; lastKnownFileType = sourcecode.swift; path = PhysicsCategory.swift; sourceTree = "<group>"; };
		F2A57F3B26B39990002080A7 /* MainMenuViewUITests.swift */ = {isa = PBXFileReference; lastKnownFileType = sourcecode.swift; path = MainMenuViewUITests.swift; sourceTree = "<group>"; };
		F2C2636C26B8E8050041FE0D /* GameViewCoordinatorTests.swift */ = {isa = PBXFileReference; lastKnownFileType = sourcecode.swift; path = GameViewCoordinatorTests.swift; sourceTree = "<group>"; };
		F2EFF3FF26B72BE800ECF3FF /* GameSceneViewTests.swift */ = {isa = PBXFileReference; lastKnownFileType = sourcecode.swift; path = GameSceneViewTests.swift; sourceTree = "<group>"; };
		F2EFF40126B72DB400ECF3FF /* AccId.swift */ = {isa = PBXFileReference; lastKnownFileType = sourcecode.swift; path = AccId.swift; sourceTree = "<group>"; };
		F2EFF40326B73EDC00ECF3FF /* GameOverViewTests.swift */ = {isa = PBXFileReference; lastKnownFileType = sourcecode.swift; path = GameOverViewTests.swift; sourceTree = "<group>"; };
/* End PBXFileReference section */

/* Begin PBXFrameworksBuildPhase section */
		F209922B266332F500DD3B1E /* Frameworks */ = {
			isa = PBXFrameworksBuildPhase;
			buildActionMask = 2147483647;
			files = (
			);
			runOnlyForDeploymentPostprocessing = 0;
		};
		F209923C266332FA00DD3B1E /* Frameworks */ = {
			isa = PBXFrameworksBuildPhase;
			buildActionMask = 2147483647;
			files = (
			);
			runOnlyForDeploymentPostprocessing = 0;
		};
		F2099247266332FA00DD3B1E /* Frameworks */ = {
			isa = PBXFrameworksBuildPhase;
			buildActionMask = 2147483647;
			files = (
			);
			runOnlyForDeploymentPostprocessing = 0;
		};
/* End PBXFrameworksBuildPhase section */

/* Begin PBXGroup section */
		F2099225266332F500DD3B1E = {
			isa = PBXGroup;
			children = (
				F2099230266332F500DD3B1E /* Quali */,
				F2099242266332FA00DD3B1E /* QualiTests */,
				F209924D266332FA00DD3B1E /* QualiUITests */,
				F209922F266332F500DD3B1E /* Products */,
			);
			sourceTree = "<group>";
		};
		F209922F266332F500DD3B1E /* Products */ = {
			isa = PBXGroup;
			children = (
				F209922E266332F500DD3B1E /* Quali.app */,
				F209923F266332FA00DD3B1E /* QualiTests.xctest */,
				F209924A266332FA00DD3B1E /* QualiUITests.xctest */,
			);
			name = Products;
			sourceTree = "<group>";
		};
		F2099230266332F500DD3B1E /* Quali */ = {
			isa = PBXGroup;
			children = (
				F209923A266332F900DD3B1E /* Info.plist */,
				F2099231266332F500DD3B1E /* QualiApp.swift */,
				F2099235266332F900DD3B1E /* Assets.xcassets */,
				F209928226656E5600DD3B1E /* Game */,
				F209928126656E4400DD3B1E /* MainMenu */,
				F293816B26BCE81700BD4C89 /* Nodes */,
				F2099237266332F900DD3B1E /* Preview Content */,
				F293817526BF22FB00BD4C89 /* SKTUtils */,
				F293816626BCDDC000BD4C89 /* Tracks */,
			);
			path = Quali;
			sourceTree = "<group>";
		};
		F2099237266332F900DD3B1E /* Preview Content */ = {
			isa = PBXGroup;
			children = (
				F2099238266332F900DD3B1E /* Preview Assets.xcassets */,
			);
			path = "Preview Content";
			sourceTree = "<group>";
		};
		F2099242266332FA00DD3B1E /* QualiTests */ = {
			isa = PBXGroup;
			children = (
				F29374EC26CCAAEE007D21C8 /* Nodes */,
				F2C2636B26B8E7F00041FE0D /* Game */,
				F2099245266332FA00DD3B1E /* Info.plist */,
			);
			path = QualiTests;
			sourceTree = "<group>";
		};
		F209924D266332FA00DD3B1E /* QualiUITests */ = {
			isa = PBXGroup;
			children = (
				F2EFF3FE26B72BC000ECF3FF /* Game */,
				F2A57F3A26B3996C002080A7 /* MainMenu */,
				F2099250266332FA00DD3B1E /* Info.plist */,
				F2EFF40126B72DB400ECF3FF /* AccId.swift */,
			);
			path = QualiUITests;
			sourceTree = "<group>";
		};
		F209928126656E4400DD3B1E /* MainMenu */ = {
			isa = PBXGroup;
			children = (
				F209926E2664899E00DD3B1E /* MainMenuCoordinator.swift */,
				F2099233266332F500DD3B1E /* MainMenuView.swift */,
			);
			path = MainMenu;
			sourceTree = "<group>";
		};
		F209928226656E5600DD3B1E /* Game */ = {
			isa = PBXGroup;
			children = (
				F209925F2663341E00DD3B1E /* GameSceneView.swift */,
				F20992642663399B00DD3B1E /* GameScene.swift */,
				F20992762665648500DD3B1E /* GameViewCoordinator.swift */,
				F2449439266890670018391A /* GameOverView.swift */,
				F298FEC226C4C34C0003A4AF /* PhysicsCategory.swift */,
				F220F62426C61A880040D1C0 /* ZPosition.swift */,
				89D470A326D0B7E30007034B /* PhysicsContactDelegate.swift */,
			);
			path = Game;
			sourceTree = "<group>";
		};
		F29374EC26CCAAEE007D21C8 /* Nodes */ = {
			isa = PBXGroup;
			children = (
				F29374ED26CCAAFF007D21C8 /* CarNodeTests.swift */,
				F29374EF26CCB028007D21C8 /* StartFinishLineNodeTests.swift */,
			);
			path = Nodes;
			sourceTree = "<group>";
		};
		F293816626BCDDC000BD4C89 /* Tracks */ = {
			isa = PBXGroup;
			children = (
				F29374E626C9D06E007D21C8 /* Bristol.sks */,
			);
			path = Tracks;
			sourceTree = "<group>";
		};
		F293816B26BCE81700BD4C89 /* Nodes */ = {
			isa = PBXGroup;
			children = (
				F24C735A26C4C5BD0047773A /* StartFinishLineNode.swift */,
				F293816E26BCE9E900BD4C89 /* CarNode.swift */,
				F29374F126CCB746007D21C8 /* TrackNode.swift */,
			);
			path = Nodes;
			sourceTree = "<group>";
		};
		F293817526BF22FB00BD4C89 /* SKTUtils */ = {
			isa = PBXGroup;
			children = (
				F293817626BF22FB00BD4C89 /* SKColor+Extensions.swift */,
				F293817726BF22FB00BD4C89 /* CGVector+Extensions.swift */,
				F293817826BF22FB00BD4C89 /* Int+Extensions.swift */,
				F293817926BF22FB00BD4C89 /* SKTTimingFunctions.swift */,
				F293817A26BF22FB00BD4C89 /* SKAction+Extensions.swift */,
				F293817B26BF22FB00BD4C89 /* SKAction+SpecialEffects.swift */,
				F293817C26BF22FB00BD4C89 /* SKNode+Extensions.swift */,
				F293817D26BF22FB00BD4C89 /* CGPoint+Extensions.swift */,
				F293817E26BF22FB00BD4C89 /* SKTEffects.swift */,
				F293817F26BF22FB00BD4C89 /* SKTAudio.swift */,
				F293818026BF22FB00BD4C89 /* Vector3.swift */,
				F293818126BF22FB00BD4C89 /* CGFloat+Extensions.swift */,
			);
			path = SKTUtils;
			sourceTree = "<group>";
		};
		F2A57F3A26B3996C002080A7 /* MainMenu */ = {
			isa = PBXGroup;
			children = (
				F2A57F3B26B39990002080A7 /* MainMenuViewUITests.swift */,
			);
			path = MainMenu;
			sourceTree = "<group>";
		};
		F2C2636B26B8E7F00041FE0D /* Game */ = {
			isa = PBXGroup;
			children = (
				F2C2636C26B8E8050041FE0D /* GameViewCoordinatorTests.swift */,
				F29374E826CB5DA8007D21C8 /* GameSceneTests.swift */,
			);
			path = Game;
			sourceTree = "<group>";
		};
		F2EFF3FE26B72BC000ECF3FF /* Game */ = {
			isa = PBXGroup;
			children = (
				F2EFF3FF26B72BE800ECF3FF /* GameSceneViewTests.swift */,
				F2EFF40326B73EDC00ECF3FF /* GameOverViewTests.swift */,
			);
			path = Game;
			sourceTree = "<group>";
		};
/* End PBXGroup section */

/* Begin PBXNativeTarget section */
		F209922D266332F500DD3B1E /* Quali */ = {
			isa = PBXNativeTarget;
			buildConfigurationList = F2099253266332FA00DD3B1E /* Build configuration list for PBXNativeTarget "Quali" */;
			buildPhases = (
				F209922A266332F500DD3B1E /* Sources */,
				F209922B266332F500DD3B1E /* Frameworks */,
				F209922C266332F500DD3B1E /* Resources */,
			);
			buildRules = (
			);
			dependencies = (
			);
			name = Quali;
			productName = Quali;
			productReference = F209922E266332F500DD3B1E /* Quali.app */;
			productType = "com.apple.product-type.application";
		};
		F209923E266332FA00DD3B1E /* QualiTests */ = {
			isa = PBXNativeTarget;
			buildConfigurationList = F2099256266332FA00DD3B1E /* Build configuration list for PBXNativeTarget "QualiTests" */;
			buildPhases = (
				F209923B266332FA00DD3B1E /* Sources */,
				F209923C266332FA00DD3B1E /* Frameworks */,
				F209923D266332FA00DD3B1E /* Resources */,
			);
			buildRules = (
			);
			dependencies = (
				F2099241266332FA00DD3B1E /* PBXTargetDependency */,
			);
			name = QualiTests;
			productName = QualiTests;
			productReference = F209923F266332FA00DD3B1E /* QualiTests.xctest */;
			productType = "com.apple.product-type.bundle.unit-test";
		};
		F2099249266332FA00DD3B1E /* QualiUITests */ = {
			isa = PBXNativeTarget;
			buildConfigurationList = F2099259266332FA00DD3B1E /* Build configuration list for PBXNativeTarget "QualiUITests" */;
			buildPhases = (
				F2099246266332FA00DD3B1E /* Sources */,
				F2099247266332FA00DD3B1E /* Frameworks */,
				F2099248266332FA00DD3B1E /* Resources */,
			);
			buildRules = (
			);
			dependencies = (
				F209924C266332FA00DD3B1E /* PBXTargetDependency */,
			);
			name = QualiUITests;
			productName = QualiUITests;
			productReference = F209924A266332FA00DD3B1E /* QualiUITests.xctest */;
			productType = "com.apple.product-type.bundle.ui-testing";
		};
/* End PBXNativeTarget section */

/* Begin PBXProject section */
		F2099226266332F500DD3B1E /* Project object */ = {
			isa = PBXProject;
			attributes = {
				LastSwiftUpdateCheck = 1240;
				LastUpgradeCheck = 1240;
				TargetAttributes = {
					F209922D266332F500DD3B1E = {
						CreatedOnToolsVersion = 12.4;
					};
					F209923E266332FA00DD3B1E = {
						CreatedOnToolsVersion = 12.4;
						LastSwiftMigration = 1250;
						TestTargetID = F209922D266332F500DD3B1E;
					};
					F2099249266332FA00DD3B1E = {
						CreatedOnToolsVersion = 12.4;
						TestTargetID = F209922D266332F500DD3B1E;
					};
				};
			};
			buildConfigurationList = F2099229266332F500DD3B1E /* Build configuration list for PBXProject "Quali" */;
			compatibilityVersion = "Xcode 9.3";
			developmentRegion = en;
			hasScannedForEncodings = 0;
			knownRegions = (
				en,
				Base,
			);
			mainGroup = F2099225266332F500DD3B1E;
			productRefGroup = F209922F266332F500DD3B1E /* Products */;
			projectDirPath = "";
			projectRoot = "";
			targets = (
				F209922D266332F500DD3B1E /* Quali */,
				F209923E266332FA00DD3B1E /* QualiTests */,
				F2099249266332FA00DD3B1E /* QualiUITests */,
			);
		};
/* End PBXProject section */

/* Begin PBXResourcesBuildPhase section */
		F209922C266332F500DD3B1E /* Resources */ = {
			isa = PBXResourcesBuildPhase;
			buildActionMask = 2147483647;
			files = (
				F29374E726C9D06E007D21C8 /* Bristol.sks in Resources */,
				F2099239266332F900DD3B1E /* Preview Assets.xcassets in Resources */,
				F2099236266332F900DD3B1E /* Assets.xcassets in Resources */,
			);
			runOnlyForDeploymentPostprocessing = 0;
		};
		F209923D266332FA00DD3B1E /* Resources */ = {
			isa = PBXResourcesBuildPhase;
			buildActionMask = 2147483647;
			files = (
			);
			runOnlyForDeploymentPostprocessing = 0;
		};
		F2099248266332FA00DD3B1E /* Resources */ = {
			isa = PBXResourcesBuildPhase;
			buildActionMask = 2147483647;
			files = (
			);
			runOnlyForDeploymentPostprocessing = 0;
		};
/* End PBXResourcesBuildPhase section */

/* Begin PBXSourcesBuildPhase section */
		F209922A266332F500DD3B1E /* Sources */ = {
			isa = PBXSourcesBuildPhase;
			buildActionMask = 2147483647;
			files = (
				F20992772665648500DD3B1E /* GameViewCoordinator.swift in Sources */,
				F293818826BF22FB00BD4C89 /* SKNode+Extensions.swift in Sources */,
				F2099234266332F500DD3B1E /* MainMenuView.swift in Sources */,
				F20992602663341E00DD3B1E /* GameSceneView.swift in Sources */,
				F209926F2664899E00DD3B1E /* MainMenuCoordinator.swift in Sources */,
				F24C735B26C4C5BD0047773A /* StartFinishLineNode.swift in Sources */,
				F293818326BF22FB00BD4C89 /* CGVector+Extensions.swift in Sources */,
				F298FEC326C4C34C0003A4AF /* PhysicsCategory.swift in Sources */,
				F293818A26BF22FB00BD4C89 /* SKTEffects.swift in Sources */,
				F293818226BF22FB00BD4C89 /* SKColor+Extensions.swift in Sources */,
				F293816F26BCE9E900BD4C89 /* CarNode.swift in Sources */,
				F293818726BF22FB00BD4C89 /* SKAction+SpecialEffects.swift in Sources */,
				89D470A426D0B7E30007034B /* PhysicsContactDelegate.swift in Sources */,
				F20992652663399B00DD3B1E /* GameScene.swift in Sources */,
				F293818926BF22FB00BD4C89 /* CGPoint+Extensions.swift in Sources */,
				F293818626BF22FB00BD4C89 /* SKAction+Extensions.swift in Sources */,
				F293818526BF22FB00BD4C89 /* SKTTimingFunctions.swift in Sources */,
				F220F62526C61A880040D1C0 /* ZPosition.swift in Sources */,
				F293818426BF22FB00BD4C89 /* Int+Extensions.swift in Sources */,
				F293818D26BF22FB00BD4C89 /* CGFloat+Extensions.swift in Sources */,
				F244943A266890670018391A /* GameOverView.swift in Sources */,
				F293818B26BF22FB00BD4C89 /* SKTAudio.swift in Sources */,
				F29374F226CCB746007D21C8 /* TrackNode.swift in Sources */,
				F293818C26BF22FB00BD4C89 /* Vector3.swift in Sources */,
				F2099232266332F500DD3B1E /* QualiApp.swift in Sources */,
			);
			runOnlyForDeploymentPostprocessing = 0;
		};
		F209923B266332FA00DD3B1E /* Sources */ = {
			isa = PBXSourcesBuildPhase;
			buildActionMask = 2147483647;
			files = (
				F29374E926CB5DA9007D21C8 /* GameSceneTests.swift in Sources */,
				F29374F026CCB028007D21C8 /* StartFinishLineNodeTests.swift in Sources */,
				F29374EE26CCAAFF007D21C8 /* CarNodeTests.swift in Sources */,
				F2C2636D26B8E8050041FE0D /* GameViewCoordinatorTests.swift in Sources */,
			);
			runOnlyForDeploymentPostprocessing = 0;
		};
		F2099246266332FA00DD3B1E /* Sources */ = {
			isa = PBXSourcesBuildPhase;
			buildActionMask = 2147483647;
			files = (
				F2EFF40226B72DB400ECF3FF /* AccId.swift in Sources */,
				F2A57F3C26B39990002080A7 /* MainMenuViewUITests.swift in Sources */,
				F2EFF40426B73EDC00ECF3FF /* GameOverViewTests.swift in Sources */,
				F2EFF40026B72BE800ECF3FF /* GameSceneViewTests.swift in Sources */,
			);
			runOnlyForDeploymentPostprocessing = 0;
		};
/* End PBXSourcesBuildPhase section */

/* Begin PBXTargetDependency section */
		F2099241266332FA00DD3B1E /* PBXTargetDependency */ = {
			isa = PBXTargetDependency;
			target = F209922D266332F500DD3B1E /* Quali */;
			targetProxy = F2099240266332FA00DD3B1E /* PBXContainerItemProxy */;
		};
		F209924C266332FA00DD3B1E /* PBXTargetDependency */ = {
			isa = PBXTargetDependency;
			target = F209922D266332F500DD3B1E /* Quali */;
			targetProxy = F209924B266332FA00DD3B1E /* PBXContainerItemProxy */;
		};
/* End PBXTargetDependency section */

/* Begin XCBuildConfiguration section */
		F2099251266332FA00DD3B1E /* Debug */ = {
			isa = XCBuildConfiguration;
			buildSettings = {
				ALWAYS_SEARCH_USER_PATHS = NO;
				CLANG_ANALYZER_NONNULL = YES;
				CLANG_ANALYZER_NUMBER_OBJECT_CONVERSION = YES_AGGRESSIVE;
				CLANG_CXX_LANGUAGE_STANDARD = "gnu++14";
				CLANG_CXX_LIBRARY = "libc++";
				CLANG_ENABLE_MODULES = YES;
				CLANG_ENABLE_OBJC_ARC = YES;
				CLANG_ENABLE_OBJC_WEAK = YES;
				CLANG_WARN_BLOCK_CAPTURE_AUTORELEASING = YES;
				CLANG_WARN_BOOL_CONVERSION = YES;
				CLANG_WARN_COMMA = YES;
				CLANG_WARN_CONSTANT_CONVERSION = YES;
				CLANG_WARN_DEPRECATED_OBJC_IMPLEMENTATIONS = YES;
				CLANG_WARN_DIRECT_OBJC_ISA_USAGE = YES_ERROR;
				CLANG_WARN_DOCUMENTATION_COMMENTS = YES;
				CLANG_WARN_EMPTY_BODY = YES;
				CLANG_WARN_ENUM_CONVERSION = YES;
				CLANG_WARN_INFINITE_RECURSION = YES;
				CLANG_WARN_INT_CONVERSION = YES;
				CLANG_WARN_NON_LITERAL_NULL_CONVERSION = YES;
				CLANG_WARN_OBJC_IMPLICIT_RETAIN_SELF = YES;
				CLANG_WARN_OBJC_LITERAL_CONVERSION = YES;
				CLANG_WARN_OBJC_ROOT_CLASS = YES_ERROR;
				CLANG_WARN_QUOTED_INCLUDE_IN_FRAMEWORK_HEADER = YES;
				CLANG_WARN_RANGE_LOOP_ANALYSIS = YES;
				CLANG_WARN_STRICT_PROTOTYPES = YES;
				CLANG_WARN_SUSPICIOUS_MOVE = YES;
				CLANG_WARN_UNGUARDED_AVAILABILITY = YES_AGGRESSIVE;
				CLANG_WARN_UNREACHABLE_CODE = YES;
				CLANG_WARN__DUPLICATE_METHOD_MATCH = YES;
				COPY_PHASE_STRIP = NO;
				DEBUG_INFORMATION_FORMAT = dwarf;
				ENABLE_STRICT_OBJC_MSGSEND = YES;
				ENABLE_TESTABILITY = YES;
				GCC_C_LANGUAGE_STANDARD = gnu11;
				GCC_DYNAMIC_NO_PIC = NO;
				GCC_NO_COMMON_BLOCKS = YES;
				GCC_OPTIMIZATION_LEVEL = 0;
				GCC_PREPROCESSOR_DEFINITIONS = (
					"DEBUG=1",
					"$(inherited)",
				);
				GCC_WARN_64_TO_32_BIT_CONVERSION = YES;
				GCC_WARN_ABOUT_RETURN_TYPE = YES_ERROR;
				GCC_WARN_UNDECLARED_SELECTOR = YES;
				GCC_WARN_UNINITIALIZED_AUTOS = YES_AGGRESSIVE;
				GCC_WARN_UNUSED_FUNCTION = YES;
				GCC_WARN_UNUSED_VARIABLE = YES;
				IPHONEOS_DEPLOYMENT_TARGET = 14.4;
				MTL_ENABLE_DEBUG_INFO = INCLUDE_SOURCE;
				MTL_FAST_MATH = YES;
				ONLY_ACTIVE_ARCH = YES;
				SDKROOT = iphoneos;
				SWIFT_ACTIVE_COMPILATION_CONDITIONS = DEBUG;
				SWIFT_OPTIMIZATION_LEVEL = "-Onone";
			};
			name = Debug;
		};
		F2099252266332FA00DD3B1E /* Release */ = {
			isa = XCBuildConfiguration;
			buildSettings = {
				ALWAYS_SEARCH_USER_PATHS = NO;
				CLANG_ANALYZER_NONNULL = YES;
				CLANG_ANALYZER_NUMBER_OBJECT_CONVERSION = YES_AGGRESSIVE;
				CLANG_CXX_LANGUAGE_STANDARD = "gnu++14";
				CLANG_CXX_LIBRARY = "libc++";
				CLANG_ENABLE_MODULES = YES;
				CLANG_ENABLE_OBJC_ARC = YES;
				CLANG_ENABLE_OBJC_WEAK = YES;
				CLANG_WARN_BLOCK_CAPTURE_AUTORELEASING = YES;
				CLANG_WARN_BOOL_CONVERSION = YES;
				CLANG_WARN_COMMA = YES;
				CLANG_WARN_CONSTANT_CONVERSION = YES;
				CLANG_WARN_DEPRECATED_OBJC_IMPLEMENTATIONS = YES;
				CLANG_WARN_DIRECT_OBJC_ISA_USAGE = YES_ERROR;
				CLANG_WARN_DOCUMENTATION_COMMENTS = YES;
				CLANG_WARN_EMPTY_BODY = YES;
				CLANG_WARN_ENUM_CONVERSION = YES;
				CLANG_WARN_INFINITE_RECURSION = YES;
				CLANG_WARN_INT_CONVERSION = YES;
				CLANG_WARN_NON_LITERAL_NULL_CONVERSION = YES;
				CLANG_WARN_OBJC_IMPLICIT_RETAIN_SELF = YES;
				CLANG_WARN_OBJC_LITERAL_CONVERSION = YES;
				CLANG_WARN_OBJC_ROOT_CLASS = YES_ERROR;
				CLANG_WARN_QUOTED_INCLUDE_IN_FRAMEWORK_HEADER = YES;
				CLANG_WARN_RANGE_LOOP_ANALYSIS = YES;
				CLANG_WARN_STRICT_PROTOTYPES = YES;
				CLANG_WARN_SUSPICIOUS_MOVE = YES;
				CLANG_WARN_UNGUARDED_AVAILABILITY = YES_AGGRESSIVE;
				CLANG_WARN_UNREACHABLE_CODE = YES;
				CLANG_WARN__DUPLICATE_METHOD_MATCH = YES;
				COPY_PHASE_STRIP = NO;
				DEBUG_INFORMATION_FORMAT = "dwarf-with-dsym";
				ENABLE_NS_ASSERTIONS = NO;
				ENABLE_STRICT_OBJC_MSGSEND = YES;
				GCC_C_LANGUAGE_STANDARD = gnu11;
				GCC_NO_COMMON_BLOCKS = YES;
				GCC_WARN_64_TO_32_BIT_CONVERSION = YES;
				GCC_WARN_ABOUT_RETURN_TYPE = YES_ERROR;
				GCC_WARN_UNDECLARED_SELECTOR = YES;
				GCC_WARN_UNINITIALIZED_AUTOS = YES_AGGRESSIVE;
				GCC_WARN_UNUSED_FUNCTION = YES;
				GCC_WARN_UNUSED_VARIABLE = YES;
				IPHONEOS_DEPLOYMENT_TARGET = 14.4;
				MTL_ENABLE_DEBUG_INFO = NO;
				MTL_FAST_MATH = YES;
				SDKROOT = iphoneos;
				SWIFT_COMPILATION_MODE = wholemodule;
				SWIFT_OPTIMIZATION_LEVEL = "-O";
				VALIDATE_PRODUCT = YES;
			};
			name = Release;
		};
		F2099254266332FA00DD3B1E /* Debug */ = {
			isa = XCBuildConfiguration;
			buildSettings = {
				ASSETCATALOG_COMPILER_APPICON_NAME = AppIcon;
				ASSETCATALOG_COMPILER_GLOBAL_ACCENT_COLOR_NAME = AccentColor;
				CODE_SIGN_STYLE = Automatic;
				DEVELOPMENT_ASSET_PATHS = "\"Quali/Preview Content\"";
				DEVELOPMENT_TEAM = 2T6B5WZ44S;
				ENABLE_PREVIEWS = YES;
				INFOPLIST_FILE = Quali/Info.plist;
				IPHONEOS_DEPLOYMENT_TARGET = 14.0;
				LD_RUNPATH_SEARCH_PATHS = (
					"$(inherited)",
					"@executable_path/Frameworks",
				);
				PRODUCT_BUNDLE_IDENTIFIER = com.BDCreative.Quali;
				PRODUCT_NAME = "$(TARGET_NAME)";
				SWIFT_VERSION = 5.0;
				TARGETED_DEVICE_FAMILY = "1,2";
			};
			name = Debug;
		};
		F2099255266332FA00DD3B1E /* Release */ = {
			isa = XCBuildConfiguration;
			buildSettings = {
				ASSETCATALOG_COMPILER_APPICON_NAME = AppIcon;
				ASSETCATALOG_COMPILER_GLOBAL_ACCENT_COLOR_NAME = AccentColor;
				CODE_SIGN_STYLE = Automatic;
				DEVELOPMENT_ASSET_PATHS = "\"Quali/Preview Content\"";
				DEVELOPMENT_TEAM = 2T6B5WZ44S;
				ENABLE_PREVIEWS = YES;
				INFOPLIST_FILE = Quali/Info.plist;
				IPHONEOS_DEPLOYMENT_TARGET = 14.0;
				LD_RUNPATH_SEARCH_PATHS = (
					"$(inherited)",
					"@executable_path/Frameworks",
				);
				PRODUCT_BUNDLE_IDENTIFIER = com.BDCreative.Quali;
				PRODUCT_NAME = "$(TARGET_NAME)";
				SWIFT_VERSION = 5.0;
				TARGETED_DEVICE_FAMILY = "1,2";
			};
			name = Release;
		};
		F2099257266332FA00DD3B1E /* Debug */ = {
			isa = XCBuildConfiguration;
			buildSettings = {
				ALWAYS_EMBED_SWIFT_STANDARD_LIBRARIES = YES;
				BUNDLE_LOADER = "$(TEST_HOST)";
				CLANG_ENABLE_MODULES = YES;
				CODE_SIGN_STYLE = Automatic;
				DEVELOPMENT_TEAM = 2T6B5WZ44S;
				INFOPLIST_FILE = QualiTests/Info.plist;
				IPHONEOS_DEPLOYMENT_TARGET = 14.0;
				LD_RUNPATH_SEARCH_PATHS = (
					"$(inherited)",
					"@executable_path/Frameworks",
					"@loader_path/Frameworks",
				);
				PRODUCT_BUNDLE_IDENTIFIER = com.BDCreative.QualiTests;
				PRODUCT_NAME = "$(TARGET_NAME)";
				SWIFT_OPTIMIZATION_LEVEL = "-Onone";
				SWIFT_VERSION = 5.0;
				TARGETED_DEVICE_FAMILY = "1,2";
				TEST_HOST = "$(BUILT_PRODUCTS_DIR)/Quali.app/Quali";
			};
			name = Debug;
		};
		F2099258266332FA00DD3B1E /* Release */ = {
			isa = XCBuildConfiguration;
			buildSettings = {
				ALWAYS_EMBED_SWIFT_STANDARD_LIBRARIES = YES;
				BUNDLE_LOADER = "$(TEST_HOST)";
				CLANG_ENABLE_MODULES = YES;
				CODE_SIGN_STYLE = Automatic;
				DEVELOPMENT_TEAM = 2T6B5WZ44S;
				INFOPLIST_FILE = QualiTests/Info.plist;
				IPHONEOS_DEPLOYMENT_TARGET = 14.0;
				LD_RUNPATH_SEARCH_PATHS = (
					"$(inherited)",
					"@executable_path/Frameworks",
					"@loader_path/Frameworks",
				);
				PRODUCT_BUNDLE_IDENTIFIER = com.BDCreative.QualiTests;
				PRODUCT_NAME = "$(TARGET_NAME)";
				SWIFT_VERSION = 5.0;
				TARGETED_DEVICE_FAMILY = "1,2";
				TEST_HOST = "$(BUILT_PRODUCTS_DIR)/Quali.app/Quali";
			};
			name = Release;
		};
		F209925A266332FA00DD3B1E /* Debug */ = {
			isa = XCBuildConfiguration;
			buildSettings = {
				ALWAYS_EMBED_SWIFT_STANDARD_LIBRARIES = YES;
				CODE_SIGN_STYLE = Automatic;
				DEVELOPMENT_TEAM = 2T6B5WZ44S;
				INFOPLIST_FILE = QualiUITests/Info.plist;
				LD_RUNPATH_SEARCH_PATHS = (
					"$(inherited)",
					"@executable_path/Frameworks",
					"@loader_path/Frameworks",
				);
				PRODUCT_BUNDLE_IDENTIFIER = com.BDCreative.QualiUITests;
				PRODUCT_NAME = "$(TARGET_NAME)";
				SWIFT_VERSION = 5.0;
				TARGETED_DEVICE_FAMILY = "1,2";
				TEST_TARGET_NAME = Quali;
			};
			name = Debug;
		};
		F209925B266332FA00DD3B1E /* Release */ = {
			isa = XCBuildConfiguration;
			buildSettings = {
				ALWAYS_EMBED_SWIFT_STANDARD_LIBRARIES = YES;
				CODE_SIGN_STYLE = Automatic;
				DEVELOPMENT_TEAM = 2T6B5WZ44S;
				INFOPLIST_FILE = QualiUITests/Info.plist;
				LD_RUNPATH_SEARCH_PATHS = (
					"$(inherited)",
					"@executable_path/Frameworks",
					"@loader_path/Frameworks",
				);
				PRODUCT_BUNDLE_IDENTIFIER = com.BDCreative.QualiUITests;
				PRODUCT_NAME = "$(TARGET_NAME)";
				SWIFT_VERSION = 5.0;
				TARGETED_DEVICE_FAMILY = "1,2";
				TEST_TARGET_NAME = Quali;
			};
			name = Release;
		};
/* End XCBuildConfiguration section */

/* Begin XCConfigurationList section */
		F2099229266332F500DD3B1E /* Build configuration list for PBXProject "Quali" */ = {
			isa = XCConfigurationList;
			buildConfigurations = (
				F2099251266332FA00DD3B1E /* Debug */,
				F2099252266332FA00DD3B1E /* Release */,
			);
			defaultConfigurationIsVisible = 0;
			defaultConfigurationName = Release;
		};
		F2099253266332FA00DD3B1E /* Build configuration list for PBXNativeTarget "Quali" */ = {
			isa = XCConfigurationList;
			buildConfigurations = (
				F2099254266332FA00DD3B1E /* Debug */,
				F2099255266332FA00DD3B1E /* Release */,
			);
			defaultConfigurationIsVisible = 0;
			defaultConfigurationName = Release;
		};
		F2099256266332FA00DD3B1E /* Build configuration list for PBXNativeTarget "QualiTests" */ = {
			isa = XCConfigurationList;
			buildConfigurations = (
				F2099257266332FA00DD3B1E /* Debug */,
				F2099258266332FA00DD3B1E /* Release */,
			);
			defaultConfigurationIsVisible = 0;
			defaultConfigurationName = Release;
		};
		F2099259266332FA00DD3B1E /* Build configuration list for PBXNativeTarget "QualiUITests" */ = {
			isa = XCConfigurationList;
			buildConfigurations = (
				F209925A266332FA00DD3B1E /* Debug */,
				F209925B266332FA00DD3B1E /* Release */,
			);
			defaultConfigurationIsVisible = 0;
			defaultConfigurationName = Release;
		};
/* End XCConfigurationList section */
	};
	rootObject = F2099226266332F500DD3B1E /* Project object */;
}
